
Microsoft Visual Studio Solution File, Format Version 12.00
# Visual Studio Version 16
VisualStudioVersion = 16.0.31112.23
MinimumVisualStudioVersion = 10.0.40219.1
Project("{9A19103F-16F7-4668-BE54-9A1E7A4F7556}") = "EasyMapper", "EasyMapper\EasyMapper.csproj", "{A3AFE482-80F4-432E-80C5-6A288E65F9D2}"
EndProject
Global
	GlobalSection(SolutionConfigurationPlatforms) = preSolution
		Debug|Any CPU = Debug|Any CPU
		Release|Any CPU = Release|Any CPU
	EndGlobalSection
	GlobalSection(ProjectConfigurationPlatforms) = postSolution
		{A3AFE482-80F4-432E-80C5-6A288E65F9D2}.Debug|Any CPU.ActiveCfg = Debug|Any CPU
		{A3AFE482-80F4-432E-80C5-6A288E65F9D2}.Debug|Any CPU.Build.0 = Debug|Any CPU
		{A3AFE482-80F4-432E-80C5-6A288E65F9D2}.Release|Any CPU.ActiveCfg = Release|Any CPU
		{A3AFE482-80F4-432E-80C5-6A288E65F9D2}.Release|Any CPU.Build.0 = Release|Any CPU
	EndGlobalSection
	GlobalSection(SolutionProperties) = preSolution
		HideSolutionNode = FALSE
	EndGlobalSection
	GlobalSection(ExtensibilityGlobals) = postSolution
		SolutionGuid = {2D1BD731-8299-42B8-8C49-EB9E027B90D6}
	EndGlobalSection
EndGlobal
